
Microsoft Visual Studio Solution File, Format Version 12.00
# Visual Studio 15
VisualStudioVersion = 15.0.28307.329
MinimumVisualStudioVersion = 10.0.40219.1
Project("{9A19103F-16F7-4668-BE54-9A1E7A4F7556}") = "DevelopBase", "DevelopBase\DevelopBase.csproj", "{88F24289-AF1A-49F4-9961-9D3E8C5BA13D}"
EndProject
Project("{2150E333-8FDC-42A3-9474-1A3956D46DE8}") = "Base", "Base", "{4F71CF87-33FA-444E-8B21-4D2F755BA903}"
EndProject
Project("{2150E333-8FDC-42A3-9474-1A3956D46DE8}") = "Protocol", "Protocol", "{5E63A27C-961B-4699-B407-BCDB44402558}"
EndProject
Project("{2150E333-8FDC-42A3-9474-1A3956D46DE8}") = "SimpleBusiness", "SimpleBusiness", "{3CB2BFF1-4F5F-411F-A830-6AA1C17C2689}"
EndProject
Project("{9A19103F-16F7-4668-BE54-9A1E7A4F7556}") = "Grpc.Standard", "gRpc.Standard\Grpc.Standard.csproj", "{4F8727B4-7FD5-45C3-BDA1-F0F317037B5A}"
EndProject
Project("{9A19103F-16F7-4668-BE54-9A1E7A4F7556}") = "SimpleBusiness", "SimpleOperater\SimpleBusiness.csproj", "{C679573C-4EFA-42CC-A43C-15AA33CFCEAB}"
EndProject
Project("{2150E333-8FDC-42A3-9474-1A3956D46DE8}") = "Discovery", "Discovery", "{A3793F71-D60A-47AF-B009-7471287282DC}"
EndProject
Project("{9A19103F-16F7-4668-BE54-9A1E7A4F7556}") = "KdZookeeper.Standard", "KdZookeeper.Standard\KdZookeeper.Standard.csproj", "{B6900DD3-24D5-41E8-9ADB-FC1B4CEE934C}"
EndProject
Project("{9A19103F-16F7-4668-BE54-9A1E7A4F7556}") = "Kdetcd.Standard", "Kdetcd.Standard\Kdetcd.Standard.csproj", "{EA565AFF-D085-4F52-9154-F767A30F2F0F}"
EndProject
Project("{9A19103F-16F7-4668-BE54-9A1E7A4F7556}") = "Thrift.Standard", "Thrift.Standard\Thrift.Standard.csproj", "{25858281-1123-49D2-A0DA-A78E5952815C}"
EndProject
Project("{9A19103F-16F7-4668-BE54-9A1E7A4F7556}") = "DevelopBase.Discovery", "DevelopBase.Discovery\DevelopBase.Discovery.csproj", "{D02BF280-A949-4AC9-8B0D-597CC37339BD}"
EndProject
Project("{9A19103F-16F7-4668-BE54-9A1E7A4F7556}") = "DevelopBase.Protocol", "DevelopBase.Protocol\DevelopBase.Protocol.csproj", "{99DDEE26-188C-4C32-9792-C814F644F065}"
EndProject
Project("{9A19103F-16F7-4668-BE54-9A1E7A4F7556}") = "ZooDiscovery", "ZooDiscovery\ZooDiscovery.csproj", "{A75E6161-DF86-49FC-B1DC-D398F59C6D52}"
EndProject
Project("{2150E333-8FDC-42A3-9474-1A3956D46DE8}") = "SimpleTests", "SimpleTests", "{1AE5C706-E368-4763-9706-28F15DB7A910}"
EndProject
Project("{9A19103F-16F7-4668-BE54-9A1E7A4F7556}") = "TestClient", "TestClient\TestClient.csproj", "{06A88A31-19B9-41B4-86A5-57CB3C0D690A}"
EndProject
Project("{9A19103F-16F7-4668-BE54-9A1E7A4F7556}") = "TestServer", "TestServer\TestServer.csproj", "{64404A10-09A4-4741-A594-81D3F1FA7826}"
EndProject
Project("{9A19103F-16F7-4668-BE54-9A1E7A4F7556}") = "LocalDiscovery", "LocalDiscovery\LocalDiscovery.csproj", "{53036FE7-3621-4EB3-A2D9-FD00B91B204A}"
EndProject
Project("{2150E333-8FDC-42A3-9474-1A3956D46DE8}") = "ClientPackage", "ClientPackage", "{B174A854-924F-47FF-A4C5-12FE7DDB71C7}"
EndProject
Project("{9A19103F-16F7-4668-BE54-9A1E7A4F7556}") = "DPClient", "DPClient\DPClient.csproj", "{F52AEB3B-099F-4637-84EF-FB4BEE99F610}"
EndProject
Project("{9A19103F-16F7-4668-BE54-9A1E7A4F7556}") = "DPServer", "ProtocolServer\DPServer.csproj", "{E47F35A6-7659-454A-BA7A-B05136316D6C}"
EndProject
Project("{9A19103F-16F7-4668-BE54-9A1E7A4F7556}") = "DevelopBase.DPBase", "DevelopBase.DPBase\DevelopBase.DPBase.csproj", "{16E948A8-D6ED-4F1D-9B7A-B21AF53DF3E4}"
EndProject
Project("{FAE04EC0-301F-11D3-BF4B-00C04F79EFBC}") = "UnitTestProject1", "UnitTestProject1\UnitTestProject1.csproj", "{877D22BF-36F6-4627-89BF-20B01D9CC199}"
EndProject
Global
	GlobalSection(SolutionConfigurationPlatforms) = preSolution
		Debug|Any CPU = Debug|Any CPU
		Release|Any CPU = Release|Any CPU
	EndGlobalSection
	GlobalSection(ProjectConfigurationPlatforms) = postSolution
		{88F24289-AF1A-49F4-9961-9D3E8C5BA13D}.Debug|Any CPU.ActiveCfg = Debug|Any CPU
		{88F24289-AF1A-49F4-9961-9D3E8C5BA13D}.Debug|Any CPU.Build.0 = Debug|Any CPU
		{88F24289-AF1A-49F4-9961-9D3E8C5BA13D}.Release|Any CPU.ActiveCfg = Release|Any CPU
		{88F24289-AF1A-49F4-9961-9D3E8C5BA13D}.Release|Any CPU.Build.0 = Release|Any CPU
		{4F8727B4-7FD5-45C3-BDA1-F0F317037B5A}.Debug|Any CPU.ActiveCfg = Debug|Any CPU
		{4F8727B4-7FD5-45C3-BDA1-F0F317037B5A}.Debug|Any CPU.Build.0 = Debug|Any CPU
		{4F8727B4-7FD5-45C3-BDA1-F0F317037B5A}.Release|Any CPU.ActiveCfg = Release|Any CPU
		{4F8727B4-7FD5-45C3-BDA1-F0F317037B5A}.Release|Any CPU.Build.0 = Release|Any CPU
		{C679573C-4EFA-42CC-A43C-15AA33CFCEAB}.Debug|Any CPU.ActiveCfg = Debug|Any CPU
		{C679573C-4EFA-42CC-A43C-15AA33CFCEAB}.Debug|Any CPU.Build.0 = Debug|Any CPU
		{C679573C-4EFA-42CC-A43C-15AA33CFCEAB}.Release|Any CPU.ActiveCfg = Release|Any CPU
		{C679573C-4EFA-42CC-A43C-15AA33CFCEAB}.Release|Any CPU.Build.0 = Release|Any CPU
		{B6900DD3-24D5-41E8-9ADB-FC1B4CEE934C}.Debug|Any CPU.ActiveCfg = Debug|Any CPU
		{B6900DD3-24D5-41E8-9ADB-FC1B4CEE934C}.Debug|Any CPU.Build.0 = Debug|Any CPU
		{B6900DD3-24D5-41E8-9ADB-FC1B4CEE934C}.Release|Any CPU.ActiveCfg = Release|Any CPU
		{B6900DD3-24D5-41E8-9ADB-FC1B4CEE934C}.Release|Any CPU.Build.0 = Release|Any CPU
		{EA565AFF-D085-4F52-9154-F767A30F2F0F}.Debug|Any CPU.ActiveCfg = Debug|Any CPU
		{EA565AFF-D085-4F52-9154-F767A30F2F0F}.Debug|Any CPU.Build.0 = Debug|Any CPU
		{EA565AFF-D085-4F52-9154-F767A30F2F0F}.Release|Any CPU.ActiveCfg = Release|Any CPU
		{EA565AFF-D085-4F52-9154-F767A30F2F0F}.Release|Any CPU.Build.0 = Release|Any CPU
		{25858281-1123-49D2-A0DA-A78E5952815C}.Debug|Any CPU.ActiveCfg = Debug|Any CPU
		{25858281-1123-49D2-A0DA-A78E5952815C}.Debug|Any CPU.Build.0 = Debug|Any CPU
		{25858281-1123-49D2-A0DA-A78E5952815C}.Release|Any CPU.ActiveCfg = Release|Any CPU
		{25858281-1123-49D2-A0DA-A78E5952815C}.Release|Any CPU.Build.0 = Release|Any CPU
		{D02BF280-A949-4AC9-8B0D-597CC37339BD}.Debug|Any CPU.ActiveCfg = Debug|Any CPU
		{D02BF280-A949-4AC9-8B0D-597CC37339BD}.Debug|Any CPU.Build.0 = Debug|Any CPU
		{D02BF280-A949-4AC9-8B0D-597CC37339BD}.Release|Any CPU.ActiveCfg = Release|Any CPU
		{D02BF280-A949-4AC9-8B0D-597CC37339BD}.Release|Any CPU.Build.0 = Release|Any CPU
		{99DDEE26-188C-4C32-9792-C814F644F065}.Debug|Any CPU.ActiveCfg = Debug|Any CPU
		{99DDEE26-188C-4C32-9792-C814F644F065}.Debug|Any CPU.Build.0 = Debug|Any CPU
		{99DDEE26-188C-4C32-9792-C814F644F065}.Release|Any CPU.ActiveCfg = Release|Any CPU
		{99DDEE26-188C-4C32-9792-C814F644F065}.Release|Any CPU.Build.0 = Release|Any CPU
		{A75E6161-DF86-49FC-B1DC-D398F59C6D52}.Debug|Any CPU.ActiveCfg = Debug|Any CPU
		{A75E6161-DF86-49FC-B1DC-D398F59C6D52}.Debug|Any CPU.Build.0 = Debug|Any CPU
		{A75E6161-DF86-49FC-B1DC-D398F59C6D52}.Release|Any CPU.ActiveCfg = Release|Any CPU
		{A75E6161-DF86-49FC-B1DC-D398F59C6D52}.Release|Any CPU.Build.0 = Release|Any CPU
		{06A88A31-19B9-41B4-86A5-57CB3C0D690A}.Debug|Any CPU.ActiveCfg = Debug|Any CPU
		{06A88A31-19B9-41B4-86A5-57CB3C0D690A}.Debug|Any CPU.Build.0 = Debug|Any CPU
		{06A88A31-19B9-41B4-86A5-57CB3C0D690A}.Release|Any CPU.ActiveCfg = Release|Any CPU
		{06A88A31-19B9-41B4-86A5-57CB3C0D690A}.Release|Any CPU.Build.0 = Release|Any CPU
		{64404A10-09A4-4741-A594-81D3F1FA7826}.Debug|Any CPU.ActiveCfg = Debug|Any CPU
		{64404A10-09A4-4741-A594-81D3F1FA7826}.Debug|Any CPU.Build.0 = Debug|Any CPU
		{64404A10-09A4-4741-A594-81D3F1FA7826}.Release|Any CPU.ActiveCfg = Release|Any CPU
		{64404A10-09A4-4741-A594-81D3F1FA7826}.Release|Any CPU.Build.0 = Release|Any CPU
		{53036FE7-3621-4EB3-A2D9-FD00B91B204A}.Debug|Any CPU.ActiveCfg = Debug|Any CPU
		{53036FE7-3621-4EB3-A2D9-FD00B91B204A}.Debug|Any CPU.Build.0 = Debug|Any CPU
		{53036FE7-3621-4EB3-A2D9-FD00B91B204A}.Release|Any CPU.ActiveCfg = Release|Any CPU
		{53036FE7-3621-4EB3-A2D9-FD00B91B204A}.Release|Any CPU.Build.0 = Release|Any CPU
		{F52AEB3B-099F-4637-84EF-FB4BEE99F610}.Debug|Any CPU.ActiveCfg = Debug|Any CPU
		{F52AEB3B-099F-4637-84EF-FB4BEE99F610}.Debug|Any CPU.Build.0 = Debug|Any CPU
		{F52AEB3B-099F-4637-84EF-FB4BEE99F610}.Release|Any CPU.ActiveCfg = Release|Any CPU
		{F52AEB3B-099F-4637-84EF-FB4BEE99F610}.Release|Any CPU.Build.0 = Release|Any CPU
		{E47F35A6-7659-454A-BA7A-B05136316D6C}.Debug|Any CPU.ActiveCfg = Debug|Any CPU
		{E47F35A6-7659-454A-BA7A-B05136316D6C}.Debug|Any CPU.Build.0 = Debug|Any CPU
		{E47F35A6-7659-454A-BA7A-B05136316D6C}.Release|Any CPU.ActiveCfg = Release|Any CPU
		{E47F35A6-7659-454A-BA7A-B05136316D6C}.Release|Any CPU.Build.0 = Release|Any CPU
		{16E948A8-D6ED-4F1D-9B7A-B21AF53DF3E4}.Debug|Any CPU.ActiveCfg = Debug|Any CPU
		{16E948A8-D6ED-4F1D-9B7A-B21AF53DF3E4}.Debug|Any CPU.Build.0 = Debug|Any CPU
		{16E948A8-D6ED-4F1D-9B7A-B21AF53DF3E4}.Release|Any CPU.ActiveCfg = Release|Any CPU
		{16E948A8-D6ED-4F1D-9B7A-B21AF53DF3E4}.Release|Any CPU.Build.0 = Release|Any CPU
		{877D22BF-36F6-4627-89BF-20B01D9CC199}.Debug|Any CPU.ActiveCfg = Debug|Any CPU
		{877D22BF-36F6-4627-89BF-20B01D9CC199}.Debug|Any CPU.Build.0 = Debug|Any CPU
		{877D22BF-36F6-4627-89BF-20B01D9CC199}.Release|Any CPU.ActiveCfg = Release|Any CPU
		{877D22BF-36F6-4627-89BF-20B01D9CC199}.Release|Any CPU.Build.0 = Release|Any CPU
	EndGlobalSection
	GlobalSection(SolutionProperties) = preSolution
		HideSolutionNode = FALSE
	EndGlobalSection
	GlobalSection(NestedProjects) = preSolution
		{88F24289-AF1A-49F4-9961-9D3E8C5BA13D} = {4F71CF87-33FA-444E-8B21-4D2F755BA903}
		{4F8727B4-7FD5-45C3-BDA1-F0F317037B5A} = {5E63A27C-961B-4699-B407-BCDB44402558}
		{C679573C-4EFA-42CC-A43C-15AA33CFCEAB} = {3CB2BFF1-4F5F-411F-A830-6AA1C17C2689}
		{B6900DD3-24D5-41E8-9ADB-FC1B4CEE934C} = {A3793F71-D60A-47AF-B009-7471287282DC}
		{EA565AFF-D085-4F52-9154-F767A30F2F0F} = {A3793F71-D60A-47AF-B009-7471287282DC}
		{25858281-1123-49D2-A0DA-A78E5952815C} = {5E63A27C-961B-4699-B407-BCDB44402558}
		{D02BF280-A949-4AC9-8B0D-597CC37339BD} = {4F71CF87-33FA-444E-8B21-4D2F755BA903}
		{99DDEE26-188C-4C32-9792-C814F644F065} = {4F71CF87-33FA-444E-8B21-4D2F755BA903}
		{A75E6161-DF86-49FC-B1DC-D398F59C6D52} = {A3793F71-D60A-47AF-B009-7471287282DC}
		{06A88A31-19B9-41B4-86A5-57CB3C0D690A} = {1AE5C706-E368-4763-9706-28F15DB7A910}
		{64404A10-09A4-4741-A594-81D3F1FA7826} = {1AE5C706-E368-4763-9706-28F15DB7A910}
		{53036FE7-3621-4EB3-A2D9-FD00B91B204A} = {A3793F71-D60A-47AF-B009-7471287282DC}
		{F52AEB3B-099F-4637-84EF-FB4BEE99F610} = {B174A854-924F-47FF-A4C5-12FE7DDB71C7}
		{E47F35A6-7659-454A-BA7A-B05136316D6C} = {B174A854-924F-47FF-A4C5-12FE7DDB71C7}
		{16E948A8-D6ED-4F1D-9B7A-B21AF53DF3E4} = {4F71CF87-33FA-444E-8B21-4D2F755BA903}
		{877D22BF-36F6-4627-89BF-20B01D9CC199} = {1AE5C706-E368-4763-9706-28F15DB7A910}
	EndGlobalSection
	GlobalSection(ExtensibilityGlobals) = postSolution
		SolutionGuid = {00646E33-27F7-4EA2-982E-E3F14B373152}
	EndGlobalSection
EndGlobal
